%{"bbmustache": {:hex, :bbmustache, "1.0.4"},
  "cf": {:hex, :cf, "0.2.1"},
  "collectd": {:git, "https://github.com/cstar/erlang-collectd.git", "25594eb70d202444163deab1c360ff2f884da831", [ref: "25594eb"]},
  "cowboy": {:hex, :cowboy, "1.0.4", "a324a8df9f2316c833a470d918aaf73ae894278b8aa6226ce7a9bf699388f878", [:rebar, :make], [{:cowlib, "~> 1.0.0", [hex: :cowlib, optional: false]}, {:ranch, "~> 1.0", [hex: :ranch, optional: false]}]},
  "cowlib": {:hex, :cowlib, "1.0.2", "9d769a1d062c9c3ac753096f868ca121e2730b9a377de23dec0f7e08b1df84ee", [:make], []},
  "distillery": {:hex, :distillery, "0.9.2", "ff52a6e438b6042a3b14f0b5574a6d65d228e1cfab37a42444a9700eefff413a", [:mix], []},
  "ecc": {:hex, :ecc, "0.1.3"},
  "erlangcollectd": {:git, "https://github.com/cstar/erlang-collectd.git", "25594eb70d202444163deab1c360ff2f884da831", [ref: "25594eb"]},
  "erlware_commons": {:hex, :erlware_commons, "0.21.0"},
  "getopt": {:hex, :getopt, "0.8.2"},
  "json": {:git, "git://github.com/cblage/elixir-json.git", "0b2839d6300b3a872f2aa3c1062fb5f3322fddbf", []},
  "poison": {:hex, :poison, "1.5.2", "560bdfb7449e3ddd23a096929fb9fc2122f709bcc758b2d5d5a5c7d0ea848910", [:mix], []},
  "providers": {:hex, :providers, "1.6.0"},
  "ranch": {:hex, :ranch, "1.2.1", "a6fb992c10f2187b46ffd17ce398ddf8a54f691b81768f9ef5f461ea7e28c762", [:make], []},
  "relx": {:hex, :relx, "3.20.0"}}
